
Microsoft Visual Studio Solution File, Format Version 12.00
# Visual Studio Version 17
VisualStudioVersion = 17.8.34525.116
MinimumVisualStudioVersion = 10.0.40219.1
Project("{2150E333-8FDC-42A3-9474-1A3956D46DE8}") = "Kinematic", "Kinematic", "{C140A4F9-7E92-4DDF-A9F9-E716DC47D9AD}"
EndProject
Project("{2150E333-8FDC-42A3-9474-1A3956D46DE8}") = "2_Business", "2_Business", "{7D9879EB-DB7C-429B-BC56-17A9DED18C54}"
EndProject
Project("{2150E333-8FDC-42A3-9474-1A3956D46DE8}") = "1_Core", "1_Core", "{19F9859F-AED1-4774-A113-78BAADCBF445}"
EndProject
Project("{2150E333-8FDC-42A3-9474-1A3956D46DE8}") = "3_UI", "3_UI", "{A576CFCB-5AFF-4F34-8B10-93FC09D0A852}"
EndProject
Project("{2150E333-8FDC-42A3-9474-1A3956D46DE8}") = "Simulation", "Simulation", "{B8C84C3E-ED4D-4F50-ABF9-F4B734DEFB66}"
EndProject
Project("{2150E333-8FDC-42A3-9474-1A3956D46DE8}") = "Math", "Math", "{652460F5-9C2A-4AB5-ABF8-AAA6D89E2DD1}"
EndProject
Project("{2150E333-8FDC-42A3-9474-1A3956D46DE8}") = "Controls", "Controls", "{689405CD-947F-40E1-8C2B-C79596AB43C6}"
EndProject
Project("{2150E333-8FDC-42A3-9474-1A3956D46DE8}") = "Simulation", "Simulation", "{A6F37DF9-1CCE-45BC-AA31-9CD8F36EC458}"
EndProject
Project("{2150E333-8FDC-42A3-9474-1A3956D46DE8}") = "Machine", "Machine", "{2B3EAB26-AC5C-4F93-8B8B-6FB8112647B2}"
EndProject
Project("{2150E333-8FDC-42A3-9474-1A3956D46DE8}") = "Robot", "Robot", "{4D910975-2275-4098-90EC-EEBC5847F758}"
EndProject
Project("{FAE04EC0-301F-11D3-BF4B-00C04F79EFBC}") = "Seilroboter.Robot", "Seilroboter.Robot\Seilroboter.Robot.csproj", "{03B9DAD6-A8D0-4D51-B6F7-8807377494C3}"
EndProject
Global
	GlobalSection(SolutionConfigurationPlatforms) = preSolution
		Debug|Any CPU = Debug|Any CPU
		Release|Any CPU = Release|Any CPU
	EndGlobalSection
	GlobalSection(ProjectConfigurationPlatforms) = postSolution
		{03B9DAD6-A8D0-4D51-B6F7-8807377494C3}.Debug|Any CPU.ActiveCfg = Debug|Any CPU
		{03B9DAD6-A8D0-4D51-B6F7-8807377494C3}.Debug|Any CPU.Build.0 = Debug|Any CPU
		{03B9DAD6-A8D0-4D51-B6F7-8807377494C3}.Release|Any CPU.ActiveCfg = Release|Any CPU
		{03B9DAD6-A8D0-4D51-B6F7-8807377494C3}.Release|Any CPU.Build.0 = Release|Any CPU
	EndGlobalSection
	GlobalSection(SolutionProperties) = preSolution
		HideSolutionNode = FALSE
	EndGlobalSection
	GlobalSection(NestedProjects) = preSolution
		{C140A4F9-7E92-4DDF-A9F9-E716DC47D9AD} = {7D9879EB-DB7C-429B-BC56-17A9DED18C54}
		{B8C84C3E-ED4D-4F50-ABF9-F4B734DEFB66} = {7D9879EB-DB7C-429B-BC56-17A9DED18C54}
		{652460F5-9C2A-4AB5-ABF8-AAA6D89E2DD1} = {19F9859F-AED1-4774-A113-78BAADCBF445}
		{689405CD-947F-40E1-8C2B-C79596AB43C6} = {7D9879EB-DB7C-429B-BC56-17A9DED18C54}
		{A6F37DF9-1CCE-45BC-AA31-9CD8F36EC458} = {A576CFCB-5AFF-4F34-8B10-93FC09D0A852}
		{2B3EAB26-AC5C-4F93-8B8B-6FB8112647B2} = {A576CFCB-5AFF-4F34-8B10-93FC09D0A852}
		{4D910975-2275-4098-90EC-EEBC5847F758} = {19F9859F-AED1-4774-A113-78BAADCBF445}
		{03B9DAD6-A8D0-4D51-B6F7-8807377494C3} = {4D910975-2275-4098-90EC-EEBC5847F758}
	EndGlobalSection
	GlobalSection(ExtensibilityGlobals) = postSolution
		SolutionGuid = {78365FE0-0584-4640-AACA-24E35DBC161A}
	EndGlobalSection
EndGlobal
