
Microsoft Visual Studio Solution File, Format Version 12.00
# Visual Studio Version 17
VisualStudioVersion = 17.8.34525.116
MinimumVisualStudioVersion = 10.0.40219.1
Project("{2150E333-8FDC-42A3-9474-1A3956D46DE8}") = "2_Logic", "2_Logic", "{7D9879EB-DB7C-429B-BC56-17A9DED18C54}"
EndProject
Project("{2150E333-8FDC-42A3-9474-1A3956D46DE8}") = "1_Core", "1_Core", "{19F9859F-AED1-4774-A113-78BAADCBF445}"
EndProject
Project("{2150E333-8FDC-42A3-9474-1A3956D46DE8}") = "3_UI", "3_UI", "{A576CFCB-5AFF-4F34-8B10-93FC09D0A852}"
EndProject
Project("{2150E333-8FDC-42A3-9474-1A3956D46DE8}") = "Math", "Math", "{652460F5-9C2A-4AB5-ABF8-AAA6D89E2DD1}"
EndProject
Project("{2150E333-8FDC-42A3-9474-1A3956D46DE8}") = "Simulation", "Simulation", "{A6F37DF9-1CCE-45BC-AA31-9CD8F36EC458}"
EndProject
Project("{2150E333-8FDC-42A3-9474-1A3956D46DE8}") = "Machine", "Machine", "{2B3EAB26-AC5C-4F93-8B8B-6FB8112647B2}"
EndProject
Project("{2150E333-8FDC-42A3-9474-1A3956D46DE8}") = "Commuinication", "Commuinication", "{87C0D0B5-4D64-41B0-995A-B39B4C430505}"
EndProject
Project("{9A19103F-16F7-4668-BE54-9A1E7A4F7556}") = "ConfigManger", "ConfigManger\ConfigManger.csproj", "{954C51BD-F749-4C38-9262-80BDFA52B8EE}"
EndProject
Project("{9A19103F-16F7-4668-BE54-9A1E7A4F7556}") = "StateManager", "StateManager\StateManager.csproj", "{6CAE01D1-A150-4DB2-B3F6-731E7D50B562}"
EndProject
Project("{9A19103F-16F7-4668-BE54-9A1E7A4F7556}") = "GCode", "GCode\GCode.csproj", "{9B5FB6BB-C09B-4F7A-8458-A31564712367}"
EndProject
Project("{2150E333-8FDC-42A3-9474-1A3956D46DE8}") = "0_DEV", "0_DEV", "{C41FDAC8-6103-4D86-8D37-33B67A8C78B6}"
EndProject
Project("{2150E333-8FDC-42A3-9474-1A3956D46DE8}") = "4_Workflow", "4_Workflow", "{57E16659-9B32-4CA7-9A04-B1EE029066AB}"
EndProject
Project("{9A19103F-16F7-4668-BE54-9A1E7A4F7556}") = "Machine", "Machine\Machine.csproj", "{96B691A3-B7F5-489F-9835-378E8732E038}"
EndProject
Project("{9A19103F-16F7-4668-BE54-9A1E7A4F7556}") = "Main", "Main\Main.csproj", "{8FE7C09A-FEC5-40F6-8344-AE73453993FA}"
EndProject
Project("{FAE04EC0-301F-11D3-BF4B-00C04F79EFBC}") = "Network", "Network\Network.csproj", "{295FE848-85E1-41C5-A684-C6046DB41015}"
EndProject
Global
	GlobalSection(SolutionConfigurationPlatforms) = preSolution
		Debug|Any CPU = Debug|Any CPU
		Release|Any CPU = Release|Any CPU
	EndGlobalSection
	GlobalSection(ProjectConfigurationPlatforms) = postSolution
		{954C51BD-F749-4C38-9262-80BDFA52B8EE}.Debug|Any CPU.ActiveCfg = Debug|Any CPU
		{954C51BD-F749-4C38-9262-80BDFA52B8EE}.Debug|Any CPU.Build.0 = Debug|Any CPU
		{954C51BD-F749-4C38-9262-80BDFA52B8EE}.Release|Any CPU.ActiveCfg = Release|Any CPU
		{954C51BD-F749-4C38-9262-80BDFA52B8EE}.Release|Any CPU.Build.0 = Release|Any CPU
		{6CAE01D1-A150-4DB2-B3F6-731E7D50B562}.Debug|Any CPU.ActiveCfg = Debug|Any CPU
		{6CAE01D1-A150-4DB2-B3F6-731E7D50B562}.Debug|Any CPU.Build.0 = Debug|Any CPU
		{6CAE01D1-A150-4DB2-B3F6-731E7D50B562}.Release|Any CPU.ActiveCfg = Release|Any CPU
		{6CAE01D1-A150-4DB2-B3F6-731E7D50B562}.Release|Any CPU.Build.0 = Release|Any CPU
		{9B5FB6BB-C09B-4F7A-8458-A31564712367}.Debug|Any CPU.ActiveCfg = Debug|Any CPU
		{9B5FB6BB-C09B-4F7A-8458-A31564712367}.Debug|Any CPU.Build.0 = Debug|Any CPU
		{9B5FB6BB-C09B-4F7A-8458-A31564712367}.Release|Any CPU.ActiveCfg = Release|Any CPU
		{9B5FB6BB-C09B-4F7A-8458-A31564712367}.Release|Any CPU.Build.0 = Release|Any CPU
		{96B691A3-B7F5-489F-9835-378E8732E038}.Debug|Any CPU.ActiveCfg = Debug|Any CPU
		{96B691A3-B7F5-489F-9835-378E8732E038}.Debug|Any CPU.Build.0 = Debug|Any CPU
		{96B691A3-B7F5-489F-9835-378E8732E038}.Release|Any CPU.ActiveCfg = Release|Any CPU
		{96B691A3-B7F5-489F-9835-378E8732E038}.Release|Any CPU.Build.0 = Release|Any CPU
		{8FE7C09A-FEC5-40F6-8344-AE73453993FA}.Debug|Any CPU.ActiveCfg = Debug|Any CPU
		{8FE7C09A-FEC5-40F6-8344-AE73453993FA}.Debug|Any CPU.Build.0 = Debug|Any CPU
		{8FE7C09A-FEC5-40F6-8344-AE73453993FA}.Release|Any CPU.ActiveCfg = Release|Any CPU
		{8FE7C09A-FEC5-40F6-8344-AE73453993FA}.Release|Any CPU.Build.0 = Release|Any CPU
		{295FE848-85E1-41C5-A684-C6046DB41015}.Debug|Any CPU.ActiveCfg = Debug|Any CPU
		{295FE848-85E1-41C5-A684-C6046DB41015}.Debug|Any CPU.Build.0 = Debug|Any CPU
		{295FE848-85E1-41C5-A684-C6046DB41015}.Release|Any CPU.ActiveCfg = Release|Any CPU
		{295FE848-85E1-41C5-A684-C6046DB41015}.Release|Any CPU.Build.0 = Release|Any CPU
	EndGlobalSection
	GlobalSection(SolutionProperties) = preSolution
		HideSolutionNode = FALSE
	EndGlobalSection
	GlobalSection(NestedProjects) = preSolution
		{652460F5-9C2A-4AB5-ABF8-AAA6D89E2DD1} = {19F9859F-AED1-4774-A113-78BAADCBF445}
		{A6F37DF9-1CCE-45BC-AA31-9CD8F36EC458} = {A576CFCB-5AFF-4F34-8B10-93FC09D0A852}
		{2B3EAB26-AC5C-4F93-8B8B-6FB8112647B2} = {A576CFCB-5AFF-4F34-8B10-93FC09D0A852}
		{87C0D0B5-4D64-41B0-995A-B39B4C430505} = {7D9879EB-DB7C-429B-BC56-17A9DED18C54}
		{954C51BD-F749-4C38-9262-80BDFA52B8EE} = {19F9859F-AED1-4774-A113-78BAADCBF445}
		{6CAE01D1-A150-4DB2-B3F6-731E7D50B562} = {19F9859F-AED1-4774-A113-78BAADCBF445}
		{9B5FB6BB-C09B-4F7A-8458-A31564712367} = {19F9859F-AED1-4774-A113-78BAADCBF445}
		{96B691A3-B7F5-489F-9835-378E8732E038} = {7D9879EB-DB7C-429B-BC56-17A9DED18C54}
		{8FE7C09A-FEC5-40F6-8344-AE73453993FA} = {57E16659-9B32-4CA7-9A04-B1EE029066AB}
		{295FE848-85E1-41C5-A684-C6046DB41015} = {87C0D0B5-4D64-41B0-995A-B39B4C430505}
	EndGlobalSection
	GlobalSection(ExtensibilityGlobals) = postSolution
		SolutionGuid = {78365FE0-0584-4640-AACA-24E35DBC161A}
	EndGlobalSection
EndGlobal
